
Microsoft Visual Studio Solution File, Format Version 12.00
# Visual Studio Version 16
VisualStudioVersion = 16.0.29609.76
MinimumVisualStudioVersion = 10.0.40219.1
Project("{9A19103F-16F7-4668-BE54-9A1E7A4F7556}") = "MailReminder", "MailReminder\MailReminder.csproj", "{F69E0C22-3A60-4F7A-9C1D-EB435F91D08A}"
EndProject
Global
	GlobalSection(SolutionConfigurationPlatforms) = preSolution
		Debug|Any CPU = Debug|Any CPU
		Release|Any CPU = Release|Any CPU
	EndGlobalSection
	GlobalSection(ProjectConfigurationPlatforms) = postSolution
		{F69E0C22-3A60-4F7A-9C1D-EB435F91D08A}.Debug|Any CPU.ActiveCfg = Debug|Any CPU
		{F69E0C22-3A60-4F7A-9C1D-EB435F91D08A}.Debug|Any CPU.Build.0 = Debug|Any CPU
		{F69E0C22-3A60-4F7A-9C1D-EB435F91D08A}.Release|Any CPU.ActiveCfg = Release|Any CPU
		{F69E0C22-3A60-4F7A-9C1D-EB435F91D08A}.Release|Any CPU.Build.0 = Release|Any CPU
	EndGlobalSection
	GlobalSection(SolutionProperties) = preSolution
		HideSolutionNode = FALSE
	EndGlobalSection
	GlobalSection(ExtensibilityGlobals) = postSolution
		SolutionGuid = {D08A4240-F07E-442D-B4DE-A36BBA2A80A7}
	EndGlobalSection
EndGlobal
