Microsoft Visual Studio Solution File, Format Version 12.00
# Visual Studio Version 16
VisualStudioVersion = 16.0.29920.165
MinimumVisualStudioVersion = 10.0.40219.1
Project("{2150E333-8FDC-42A3-9474-1A3956D46DE8}") = "Core", "Core", "{D7A77D69-9F15-4F7D-A4DA-947874037282}"
EndProject
Project("{2150E333-8FDC-42A3-9474-1A3956D46DE8}") = "Services", "Services", "{3B9896EE-07F0-426C-9536-BE618FA64B5C}"
EndProject
Project("{2150E333-8FDC-42A3-9474-1A3956D46DE8}") = "Identity", "Identity", "{8CE0BD62-C6B8-46F9-9484-30FC979200D2}"
EndProject
Project("{2150E333-8FDC-42A3-9474-1A3956D46DE8}") = "Core", "Core", "{F70A62DD-96C2-405F-9476-3AF3A3E1B4F7}"
EndProject
Project("{9A19103F-16F7-4668-BE54-9A1E7A4F7556}") = "Core.API", "Services\Core\Core.API\Core.API.csproj", "{98807B8E-5A7A-421C-88E0-90A7172D46B9}"
EndProject
Project("{9A19103F-16F7-4668-BE54-9A1E7A4F7556}") = "Identity.Model", "Services\Identity\Identity.Model\Identity.Model.csproj", "{C80BB19D-BD68-4CD9-84A6-072C1AC6E190}"
EndProject
Project("{9A19103F-16F7-4668-BE54-9A1E7A4F7556}") = "Identity.API", "Services\Identity\Identity.API\Identity.API.csproj", "{2D2E6F3F-499D-4E53-B3F8-F0648C68DBDF}"
EndProject
Project("{2150E333-8FDC-42A3-9474-1A3956D46DE8}") = "Request", "Request", "{E6400AB5-D3B0-49A3-8193-3214EAD3CA1A}"
EndProject
Project("{FAE04EC0-301F-11D3-BF4B-00C04F79EFBC}") = "Request.API", "Services\Request\Request.API\Request.API.csproj", "{44DD7005-CBFE-4258-914C-67DDB9792F4B}"
EndProject
Project("{9A19103F-16F7-4668-BE54-9A1E7A4F7556}") = "Request.Model", "Services\Request\Request.Model\Request.Model.csproj", "{34A2BEE3-66F8-41F6-8925-1A62590904A1}"
EndProject
Project("{2150E333-8FDC-42A3-9474-1A3956D46DE8}") = "JobOrder", "JobOrder", "{2290A6FE-924E-4111-95FE-2CD3E86258BB}"
EndProject
Project("{9A19103F-16F7-4668-BE54-9A1E7A4F7556}") = "JobOrder.Model", "Services\JobOrder\JobOrder.Model\JobOrder.Model.csproj", "{21AC5743-2EC8-4E05-BF3A-DEE335C14E10}"
EndProject
Project("{FAE04EC0-301F-11D3-BF4B-00C04F79EFBC}") = "JobOrder.API", "Services\JobOrder\JobOrder.API\JobOrder.API.csproj", "{E098778B-8E11-4877-A306-74919597943E}"
EndProject
Project("{2150E333-8FDC-42A3-9474-1A3956D46DE8}") = "Case", "Case", "{FF9635F2-A18E-4CAE-8C3C-5EA76116EBD1}"
EndProject
Project("{2150E333-8FDC-42A3-9474-1A3956D46DE8}") = "Notification", "Notification", "{B89F8322-E3D1-4E76-88BE-D0EB6C9352AC}"
EndProject
Project("{9A19103F-16F7-4668-BE54-9A1E7A4F7556}") = "Case.Model", "Services\Case\Case.Model\Case.Model.csproj", "{6C38CE6F-887F-435C-918E-1033F483667D}"
EndProject
Project("{9A19103F-16F7-4668-BE54-9A1E7A4F7556}") = "Case.API", "Services\Case\Case.API\Case.API.csproj", "{257D92ED-02F2-4FC9-9449-8E61AB01FEC6}"
EndProject
Project("{9A19103F-16F7-4668-BE54-9A1E7A4F7556}") = "Notification.Model", "Services\Notification\Notification.Model\Notification.Model.csproj", "{C8F1A653-7BF8-4B94-A687-DCFE05B4BF66}"
EndProject
Project("{9A19103F-16F7-4668-BE54-9A1E7A4F7556}") = "Notification.API", "Services\Notification\Notification.API\Notification.API.csproj", "{E55E6A82-C136-4A1C-9A0D-116389BFFEC4}"
EndProject
Project("{9A19103F-16F7-4668-BE54-9A1E7A4F7556}") = "Core", "Core\Core\Core.csproj", "{798FA15D-6B8F-450C-9D1F-2C9E4B59A1D7}"
EndProject
Project("{9A19103F-16F7-4668-BE54-9A1E7A4F7556}") = "Core.EventBus", "Core\Core.EventBus\Core.EventBus.csproj", "{B35CEFDE-2F08-44B8-BD1C-877ABB1B4B5B}"
EndProject
Project("{2150E333-8FDC-42A3-9474-1A3956D46DE8}") = "HalalLibrary", "HalalLibrary", "{354AC398-5321-4A9A-BA4F-627A6A77D1E7}"
EndProject
Project("{9A19103F-16F7-4668-BE54-9A1E7A4F7556}") = "HalalLibrary.Model", "Services\HalalLibrary\HallalLibrary.Model\HalalLibrary.Model.csproj", "{D58AA045-8692-4032-9594-21B16A8A460C}"
EndProject
Project("{FAE04EC0-301F-11D3-BF4B-00C04F79EFBC}") = "HalalLibrary.API", "Services\HalalLibrary\HalalLibrary.API\HalalLibrary.API.csproj", "{59C37E24-DE2E-4321-A3CD-59CE4B33F344}"
EndProject
Project("{2150E333-8FDC-42A3-9474-1A3956D46DE8}") = "File", "File", "{EE439E5C-D958-44C1-9F4D-AA2F050D7676}"
EndProject
Project("{9A19103F-16F7-4668-BE54-9A1E7A4F7556}") = "Core.Model", "Services\Core\Core.Model\Core.Model.csproj", "{1F768858-8F4D-4C5C-8F1D-5260F1B455C3}"
EndProject
Project("{9A19103F-16F7-4668-BE54-9A1E7A4F7556}") = "File.API", "Services\File\File.API\File.API.csproj", "{D9A3CBF7-FD3B-46BA-A12D-E0BF8419CB94}"
EndProject
Project("{9A19103F-16F7-4668-BE54-9A1E7A4F7556}") = "File.Model", "Services\File\File.Model\File.Model.csproj", "{228F347A-CB9B-458D-97CC-1DD0B32E66DE}"
EndProject
Project("{9A19103F-16F7-4668-BE54-9A1E7A4F7556}") = "Request.Events", "Services\Request\Request.Events\Request.Events.csproj", "{52D02CB0-6E7D-45E5-9CE1-0250F201B92F}"
EndProject
Project("{FAE04EC0-301F-11D3-BF4B-00C04F79EFBC}") = "Notification.Events", "Services\Notification\Notification.Events\Notification.Events.csproj", "{8BE04777-879B-4916-827E-88FC86A4129C}"
EndProject
Project("{E53339B2-1760-4266-BCC7-CA923CBCF16C}") = "docker-compose", "docker-compose.dcproj", "{A5CFEAB1-D617-4862-AFC3-0954FE20F237}"
EndProject
Project("{FAE04EC0-301F-11D3-BF4B-00C04F79EFBC}") = "JobOrder.Events", "Services\JobOrder\JobOrder.Events\JobOrder.Events.csproj", "{138308FA-FAEC-48A5-A9A5-608434F73DC2}"
EndProject
Project("{2150E333-8FDC-42A3-9474-1A3956D46DE8}") = "Finance", "Finance", "{09360C14-E5E1-473C-AEFD-5D191C7AD57F}"
EndProject
Project("{FAE04EC0-301F-11D3-BF4B-00C04F79EFBC}") = "Finance.API", "Services\Finance\Finance.API\Finance.API.csproj", "{E82E29BC-7FC0-4D5B-8BCB-416C1F25D94E}"
EndProject
Project("{FAE04EC0-301F-11D3-BF4B-00C04F79EFBC}") = "Finance.Model", "Services\Finance\Finance.Model\Finance.Model.csproj", "{FC41C996-84D1-4895-B4BA-DDF050A82156}"
EndProject
Project("{FAE04EC0-301F-11D3-BF4B-00C04F79EFBC}") = "Identity.Events", "Services\Identity\Identity.Events\Identity.Events.csproj", "{80AD26FC-1968-4D03-BE40-06A1DC3BCC09}"
EndProject
Project("{FAE04EC0-301F-11D3-BF4B-00C04F79EFBC}") = "Finance.Events", "Services\Finance\Finance.Events\Finance.Events.csproj", "{0E8506E1-FB2E-434A-82D4-E9984C019D7F}"
EndProject
Project("{FAE04EC0-301F-11D3-BF4B-00C04F79EFBC}") = "HalalLibrary.Events", "Services\HalalLibrary\HalalLibrary.Events\HalalLibrary.Events.csproj", "{B571EA49-DCF3-4CB8-AB0D-444085CE59C7}"
EndProject
Project("{FAE04EC0-301F-11D3-BF4B-00C04F79EFBC}") = "Case.Events", "Services\Case\Case.Events\Case.Events.csproj", "{8DA3E0A1-5E78-4BB3-868E-3D4FBDAF5200}"
EndProject
Project("{FAE04EC0-301F-11D3-BF4B-00C04F79EFBC}") = "Core.Base", "Services\Core\Core.Base\Core.Base.csproj", "{C1504666-6A4A-4071-8922-9F5781C74634}"
EndProject
Project("{FAE04EC0-301F-11D3-BF4B-00C04F79EFBC}") = "JobOrder.Jobs", "Services\JobOrder\JobOrder.Jobs\JobOrder.Jobs.csproj", "{B244B22D-44DE-4A15-91C2-2A788B30520F}"
EndProject
Global
	GlobalSection(SolutionConfigurationPlatforms) = preSolution
		Debug|Any CPU = Debug|Any CPU
		Release|Any CPU = Release|Any CPU
	EndGlobalSection
	GlobalSection(ProjectConfigurationPlatforms) = postSolution
		{98807B8E-5A7A-421C-88E0-90A7172D46B9}.Debug|Any CPU.ActiveCfg = Debug|Any CPU
		{98807B8E-5A7A-421C-88E0-90A7172D46B9}.Debug|Any CPU.Build.0 = Debug|Any CPU
		{98807B8E-5A7A-421C-88E0-90A7172D46B9}.Release|Any CPU.ActiveCfg = Release|Any CPU
		{98807B8E-5A7A-421C-88E0-90A7172D46B9}.Release|Any CPU.Build.0 = Release|Any CPU
		{C80BB19D-BD68-4CD9-84A6-072C1AC6E190}.Debug|Any CPU.ActiveCfg = Debug|Any CPU
		{C80BB19D-BD68-4CD9-84A6-072C1AC6E190}.Debug|Any CPU.Build.0 = Debug|Any CPU
		{C80BB19D-BD68-4CD9-84A6-072C1AC6E190}.Release|Any CPU.ActiveCfg = Release|Any CPU
		{C80BB19D-BD68-4CD9-84A6-072C1AC6E190}.Release|Any CPU.Build.0 = Release|Any CPU
		{2D2E6F3F-499D-4E53-B3F8-F0648C68DBDF}.Debug|Any CPU.ActiveCfg = Debug|Any CPU
		{2D2E6F3F-499D-4E53-B3F8-F0648C68DBDF}.Debug|Any CPU.Build.0 = Debug|Any CPU
		{2D2E6F3F-499D-4E53-B3F8-F0648C68DBDF}.Release|Any CPU.ActiveCfg = Release|Any CPU
		{2D2E6F3F-499D-4E53-B3F8-F0648C68DBDF}.Release|Any CPU.Build.0 = Release|Any CPU
		{44DD7005-CBFE-4258-914C-67DDB9792F4B}.Debug|Any CPU.ActiveCfg = Debug|Any CPU
		{44DD7005-CBFE-4258-914C-67DDB9792F4B}.Debug|Any CPU.Build.0 = Debug|Any CPU
		{44DD7005-CBFE-4258-914C-67DDB9792F4B}.Release|Any CPU.ActiveCfg = Release|Any CPU
		{44DD7005-CBFE-4258-914C-67DDB9792F4B}.Release|Any CPU.Build.0 = Release|Any CPU
		{34A2BEE3-66F8-41F6-8925-1A62590904A1}.Debug|Any CPU.ActiveCfg = Debug|Any CPU
		{34A2BEE3-66F8-41F6-8925-1A62590904A1}.Debug|Any CPU.Build.0 = Debug|Any CPU
		{34A2BEE3-66F8-41F6-8925-1A62590904A1}.Release|Any CPU.ActiveCfg = Release|Any CPU
		{34A2BEE3-66F8-41F6-8925-1A62590904A1}.Release|Any CPU.Build.0 = Release|Any CPU
		{21AC5743-2EC8-4E05-BF3A-DEE335C14E10}.Debug|Any CPU.ActiveCfg = Debug|Any CPU
		{21AC5743-2EC8-4E05-BF3A-DEE335C14E10}.Debug|Any CPU.Build.0 = Debug|Any CPU
		{21AC5743-2EC8-4E05-BF3A-DEE335C14E10}.Release|Any CPU.ActiveCfg = Release|Any CPU
		{21AC5743-2EC8-4E05-BF3A-DEE335C14E10}.Release|Any CPU.Build.0 = Release|Any CPU
		{E098778B-8E11-4877-A306-74919597943E}.Debug|Any CPU.ActiveCfg = Debug|Any CPU
		{E098778B-8E11-4877-A306-74919597943E}.Debug|Any CPU.Build.0 = Debug|Any CPU
		{E098778B-8E11-4877-A306-74919597943E}.Release|Any CPU.ActiveCfg = Release|Any CPU
		{E098778B-8E11-4877-A306-74919597943E}.Release|Any CPU.Build.0 = Release|Any CPU
		{6C38CE6F-887F-435C-918E-1033F483667D}.Debug|Any CPU.ActiveCfg = Debug|Any CPU
		{6C38CE6F-887F-435C-918E-1033F483667D}.Debug|Any CPU.Build.0 = Debug|Any CPU
		{6C38CE6F-887F-435C-918E-1033F483667D}.Release|Any CPU.ActiveCfg = Release|Any CPU
		{6C38CE6F-887F-435C-918E-1033F483667D}.Release|Any CPU.Build.0 = Release|Any CPU
		{257D92ED-02F2-4FC9-9449-8E61AB01FEC6}.Debug|Any CPU.ActiveCfg = Debug|Any CPU
		{257D92ED-02F2-4FC9-9449-8E61AB01FEC6}.Debug|Any CPU.Build.0 = Debug|Any CPU
		{257D92ED-02F2-4FC9-9449-8E61AB01FEC6}.Release|Any CPU.ActiveCfg = Release|Any CPU
		{257D92ED-02F2-4FC9-9449-8E61AB01FEC6}.Release|Any CPU.Build.0 = Release|Any CPU
		{C8F1A653-7BF8-4B94-A687-DCFE05B4BF66}.Debug|Any CPU.ActiveCfg = Debug|Any CPU
		{C8F1A653-7BF8-4B94-A687-DCFE05B4BF66}.Debug|Any CPU.Build.0 = Debug|Any CPU
		{C8F1A653-7BF8-4B94-A687-DCFE05B4BF66}.Release|Any CPU.ActiveCfg = Release|Any CPU
		{C8F1A653-7BF8-4B94-A687-DCFE05B4BF66}.Release|Any CPU.Build.0 = Release|Any CPU
		{E55E6A82-C136-4A1C-9A0D-116389BFFEC4}.Debug|Any CPU.ActiveCfg = Debug|Any CPU
		{E55E6A82-C136-4A1C-9A0D-116389BFFEC4}.Debug|Any CPU.Build.0 = Debug|Any CPU
		{E55E6A82-C136-4A1C-9A0D-116389BFFEC4}.Release|Any CPU.ActiveCfg = Release|Any CPU
		{E55E6A82-C136-4A1C-9A0D-116389BFFEC4}.Release|Any CPU.Build.0 = Release|Any CPU
		{798FA15D-6B8F-450C-9D1F-2C9E4B59A1D7}.Debug|Any CPU.ActiveCfg = Debug|Any CPU
		{798FA15D-6B8F-450C-9D1F-2C9E4B59A1D7}.Debug|Any CPU.Build.0 = Debug|Any CPU
		{798FA15D-6B8F-450C-9D1F-2C9E4B59A1D7}.Release|Any CPU.ActiveCfg = Release|Any CPU
		{798FA15D-6B8F-450C-9D1F-2C9E4B59A1D7}.Release|Any CPU.Build.0 = Release|Any CPU
		{B35CEFDE-2F08-44B8-BD1C-877ABB1B4B5B}.Debug|Any CPU.ActiveCfg = Debug|Any CPU
		{B35CEFDE-2F08-44B8-BD1C-877ABB1B4B5B}.Debug|Any CPU.Build.0 = Debug|Any CPU
		{B35CEFDE-2F08-44B8-BD1C-877ABB1B4B5B}.Release|Any CPU.ActiveCfg = Release|Any CPU
		{B35CEFDE-2F08-44B8-BD1C-877ABB1B4B5B}.Release|Any CPU.Build.0 = Release|Any CPU
		{D58AA045-8692-4032-9594-21B16A8A460C}.Debug|Any CPU.ActiveCfg = Debug|Any CPU
		{D58AA045-8692-4032-9594-21B16A8A460C}.Debug|Any CPU.Build.0 = Debug|Any CPU
		{D58AA045-8692-4032-9594-21B16A8A460C}.Release|Any CPU.ActiveCfg = Release|Any CPU
		{D58AA045-8692-4032-9594-21B16A8A460C}.Release|Any CPU.Build.0 = Release|Any CPU
		{59C37E24-DE2E-4321-A3CD-59CE4B33F344}.Debug|Any CPU.ActiveCfg = Debug|Any CPU
		{59C37E24-DE2E-4321-A3CD-59CE4B33F344}.Debug|Any CPU.Build.0 = Debug|Any CPU
		{59C37E24-DE2E-4321-A3CD-59CE4B33F344}.Release|Any CPU.ActiveCfg = Release|Any CPU
		{59C37E24-DE2E-4321-A3CD-59CE4B33F344}.Release|Any CPU.Build.0 = Release|Any CPU
		{1F768858-8F4D-4C5C-8F1D-5260F1B455C3}.Debug|Any CPU.ActiveCfg = Debug|Any CPU
		{1F768858-8F4D-4C5C-8F1D-5260F1B455C3}.Debug|Any CPU.Build.0 = Debug|Any CPU
		{1F768858-8F4D-4C5C-8F1D-5260F1B455C3}.Release|Any CPU.ActiveCfg = Release|Any CPU
		{1F768858-8F4D-4C5C-8F1D-5260F1B455C3}.Release|Any CPU.Build.0 = Release|Any CPU
		{D9A3CBF7-FD3B-46BA-A12D-E0BF8419CB94}.Debug|Any CPU.ActiveCfg = Debug|Any CPU
		{D9A3CBF7-FD3B-46BA-A12D-E0BF8419CB94}.Debug|Any CPU.Build.0 = Debug|Any CPU
		{D9A3CBF7-FD3B-46BA-A12D-E0BF8419CB94}.Release|Any CPU.ActiveCfg = Release|Any CPU
		{D9A3CBF7-FD3B-46BA-A12D-E0BF8419CB94}.Release|Any CPU.Build.0 = Release|Any CPU
		{228F347A-CB9B-458D-97CC-1DD0B32E66DE}.Debug|Any CPU.ActiveCfg = Debug|Any CPU
		{228F347A-CB9B-458D-97CC-1DD0B32E66DE}.Debug|Any CPU.Build.0 = Debug|Any CPU
		{228F347A-CB9B-458D-97CC-1DD0B32E66DE}.Release|Any CPU.ActiveCfg = Release|Any CPU
		{228F347A-CB9B-458D-97CC-1DD0B32E66DE}.Release|Any CPU.Build.0 = Release|Any CPU
		{52D02CB0-6E7D-45E5-9CE1-0250F201B92F}.Debug|Any CPU.ActiveCfg = Debug|Any CPU
		{52D02CB0-6E7D-45E5-9CE1-0250F201B92F}.Debug|Any CPU.Build.0 = Debug|Any CPU
		{52D02CB0-6E7D-45E5-9CE1-0250F201B92F}.Release|Any CPU.ActiveCfg = Release|Any CPU
		{52D02CB0-6E7D-45E5-9CE1-0250F201B92F}.Release|Any CPU.Build.0 = Release|Any CPU
		{8BE04777-879B-4916-827E-88FC86A4129C}.Debug|Any CPU.ActiveCfg = Debug|Any CPU
		{8BE04777-879B-4916-827E-88FC86A4129C}.Debug|Any CPU.Build.0 = Debug|Any CPU
		{8BE04777-879B-4916-827E-88FC86A4129C}.Release|Any CPU.ActiveCfg = Release|Any CPU
		{8BE04777-879B-4916-827E-88FC86A4129C}.Release|Any CPU.Build.0 = Release|Any CPU
		{A5CFEAB1-D617-4862-AFC3-0954FE20F237}.Debug|Any CPU.ActiveCfg = Debug|Any CPU
		{A5CFEAB1-D617-4862-AFC3-0954FE20F237}.Debug|Any CPU.Build.0 = Debug|Any CPU
		{A5CFEAB1-D617-4862-AFC3-0954FE20F237}.Release|Any CPU.ActiveCfg = Release|Any CPU
		{A5CFEAB1-D617-4862-AFC3-0954FE20F237}.Release|Any CPU.Build.0 = Release|Any CPU
		{138308FA-FAEC-48A5-A9A5-608434F73DC2}.Debug|Any CPU.ActiveCfg = Debug|Any CPU
		{138308FA-FAEC-48A5-A9A5-608434F73DC2}.Debug|Any CPU.Build.0 = Debug|Any CPU
		{138308FA-FAEC-48A5-A9A5-608434F73DC2}.Release|Any CPU.ActiveCfg = Release|Any CPU
		{138308FA-FAEC-48A5-A9A5-608434F73DC2}.Release|Any CPU.Build.0 = Release|Any CPU
		{E82E29BC-7FC0-4D5B-8BCB-416C1F25D94E}.Debug|Any CPU.ActiveCfg = Debug|Any CPU
		{E82E29BC-7FC0-4D5B-8BCB-416C1F25D94E}.Debug|Any CPU.Build.0 = Debug|Any CPU
		{E82E29BC-7FC0-4D5B-8BCB-416C1F25D94E}.Release|Any CPU.ActiveCfg = Release|Any CPU
		{E82E29BC-7FC0-4D5B-8BCB-416C1F25D94E}.Release|Any CPU.Build.0 = Release|Any CPU
		{FC41C996-84D1-4895-B4BA-DDF050A82156}.Debug|Any CPU.ActiveCfg = Debug|Any CPU
		{FC41C996-84D1-4895-B4BA-DDF050A82156}.Debug|Any CPU.Build.0 = Debug|Any CPU
		{FC41C996-84D1-4895-B4BA-DDF050A82156}.Release|Any CPU.ActiveCfg = Release|Any CPU
		{FC41C996-84D1-4895-B4BA-DDF050A82156}.Release|Any CPU.Build.0 = Release|Any CPU
		{80AD26FC-1968-4D03-BE40-06A1DC3BCC09}.Debug|Any CPU.ActiveCfg = Debug|Any CPU
		{80AD26FC-1968-4D03-BE40-06A1DC3BCC09}.Debug|Any CPU.Build.0 = Debug|Any CPU
		{80AD26FC-1968-4D03-BE40-06A1DC3BCC09}.Release|Any CPU.ActiveCfg = Release|Any CPU
		{80AD26FC-1968-4D03-BE40-06A1DC3BCC09}.Release|Any CPU.Build.0 = Release|Any CPU
		{0E8506E1-FB2E-434A-82D4-E9984C019D7F}.Debug|Any CPU.ActiveCfg = Debug|Any CPU
		{0E8506E1-FB2E-434A-82D4-E9984C019D7F}.Debug|Any CPU.Build.0 = Debug|Any CPU
		{0E8506E1-FB2E-434A-82D4-E9984C019D7F}.Release|Any CPU.ActiveCfg = Release|Any CPU
		{0E8506E1-FB2E-434A-82D4-E9984C019D7F}.Release|Any CPU.Build.0 = Release|Any CPU
		{B571EA49-DCF3-4CB8-AB0D-444085CE59C7}.Debug|Any CPU.ActiveCfg = Debug|Any CPU
		{B571EA49-DCF3-4CB8-AB0D-444085CE59C7}.Debug|Any CPU.Build.0 = Debug|Any CPU
		{B571EA49-DCF3-4CB8-AB0D-444085CE59C7}.Release|Any CPU.ActiveCfg = Release|Any CPU
		{B571EA49-DCF3-4CB8-AB0D-444085CE59C7}.Release|Any CPU.Build.0 = Release|Any CPU
		{8DA3E0A1-5E78-4BB3-868E-3D4FBDAF5200}.Debug|Any CPU.ActiveCfg = Debug|Any CPU
		{8DA3E0A1-5E78-4BB3-868E-3D4FBDAF5200}.Debug|Any CPU.Build.0 = Debug|Any CPU
		{8DA3E0A1-5E78-4BB3-868E-3D4FBDAF5200}.Release|Any CPU.ActiveCfg = Release|Any CPU
		{8DA3E0A1-5E78-4BB3-868E-3D4FBDAF5200}.Release|Any CPU.Build.0 = Release|Any CPU
		{C1504666-6A4A-4071-8922-9F5781C74634}.Debug|Any CPU.ActiveCfg = Debug|Any CPU
		{C1504666-6A4A-4071-8922-9F5781C74634}.Debug|Any CPU.Build.0 = Debug|Any CPU
		{C1504666-6A4A-4071-8922-9F5781C74634}.Release|Any CPU.ActiveCfg = Release|Any CPU
		{C1504666-6A4A-4071-8922-9F5781C74634}.Release|Any CPU.Build.0 = Release|Any CPU
		{B244B22D-44DE-4A15-91C2-2A788B30520F}.Debug|Any CPU.ActiveCfg = Debug|Any CPU
		{B244B22D-44DE-4A15-91C2-2A788B30520F}.Debug|Any CPU.Build.0 = Debug|Any CPU
		{B244B22D-44DE-4A15-91C2-2A788B30520F}.Release|Any CPU.ActiveCfg = Release|Any CPU
		{B244B22D-44DE-4A15-91C2-2A788B30520F}.Release|Any CPU.Build.0 = Release|Any CPU
	EndGlobalSection
	GlobalSection(SolutionProperties) = preSolution
		HideSolutionNode = FALSE
	EndGlobalSection
	GlobalSection(NestedProjects) = preSolution
		{8CE0BD62-C6B8-46F9-9484-30FC979200D2} = {3B9896EE-07F0-426C-9536-BE618FA64B5C}
		{F70A62DD-96C2-405F-9476-3AF3A3E1B4F7} = {3B9896EE-07F0-426C-9536-BE618FA64B5C}
		{98807B8E-5A7A-421C-88E0-90A7172D46B9} = {F70A62DD-96C2-405F-9476-3AF3A3E1B4F7}
		{C80BB19D-BD68-4CD9-84A6-072C1AC6E190} = {8CE0BD62-C6B8-46F9-9484-30FC979200D2}
		{2D2E6F3F-499D-4E53-B3F8-F0648C68DBDF} = {8CE0BD62-C6B8-46F9-9484-30FC979200D2}
		{E6400AB5-D3B0-49A3-8193-3214EAD3CA1A} = {3B9896EE-07F0-426C-9536-BE618FA64B5C}
		{44DD7005-CBFE-4258-914C-67DDB9792F4B} = {E6400AB5-D3B0-49A3-8193-3214EAD3CA1A}
		{34A2BEE3-66F8-41F6-8925-1A62590904A1} = {E6400AB5-D3B0-49A3-8193-3214EAD3CA1A}
		{2290A6FE-924E-4111-95FE-2CD3E86258BB} = {3B9896EE-07F0-426C-9536-BE618FA64B5C}
		{21AC5743-2EC8-4E05-BF3A-DEE335C14E10} = {2290A6FE-924E-4111-95FE-2CD3E86258BB}
		{E098778B-8E11-4877-A306-74919597943E} = {2290A6FE-924E-4111-95FE-2CD3E86258BB}
		{FF9635F2-A18E-4CAE-8C3C-5EA76116EBD1} = {3B9896EE-07F0-426C-9536-BE618FA64B5C}
		{B89F8322-E3D1-4E76-88BE-D0EB6C9352AC} = {3B9896EE-07F0-426C-9536-BE618FA64B5C}
		{6C38CE6F-887F-435C-918E-1033F483667D} = {FF9635F2-A18E-4CAE-8C3C-5EA76116EBD1}
		{257D92ED-02F2-4FC9-9449-8E61AB01FEC6} = {FF9635F2-A18E-4CAE-8C3C-5EA76116EBD1}
		{C8F1A653-7BF8-4B94-A687-DCFE05B4BF66} = {B89F8322-E3D1-4E76-88BE-D0EB6C9352AC}
		{E55E6A82-C136-4A1C-9A0D-116389BFFEC4} = {B89F8322-E3D1-4E76-88BE-D0EB6C9352AC}
		{798FA15D-6B8F-450C-9D1F-2C9E4B59A1D7} = {D7A77D69-9F15-4F7D-A4DA-947874037282}
		{B35CEFDE-2F08-44B8-BD1C-877ABB1B4B5B} = {D7A77D69-9F15-4F7D-A4DA-947874037282}
		{354AC398-5321-4A9A-BA4F-627A6A77D1E7} = {3B9896EE-07F0-426C-9536-BE618FA64B5C}
		{D58AA045-8692-4032-9594-21B16A8A460C} = {354AC398-5321-4A9A-BA4F-627A6A77D1E7}
		{59C37E24-DE2E-4321-A3CD-59CE4B33F344} = {354AC398-5321-4A9A-BA4F-627A6A77D1E7}
		{EE439E5C-D958-44C1-9F4D-AA2F050D7676} = {3B9896EE-07F0-426C-9536-BE618FA64B5C}
		{1F768858-8F4D-4C5C-8F1D-5260F1B455C3} = {F70A62DD-96C2-405F-9476-3AF3A3E1B4F7}
		{D9A3CBF7-FD3B-46BA-A12D-E0BF8419CB94} = {EE439E5C-D958-44C1-9F4D-AA2F050D7676}
		{228F347A-CB9B-458D-97CC-1DD0B32E66DE} = {EE439E5C-D958-44C1-9F4D-AA2F050D7676}
		{52D02CB0-6E7D-45E5-9CE1-0250F201B92F} = {E6400AB5-D3B0-49A3-8193-3214EAD3CA1A}
		{8BE04777-879B-4916-827E-88FC86A4129C} = {B89F8322-E3D1-4E76-88BE-D0EB6C9352AC}
		{138308FA-FAEC-48A5-A9A5-608434F73DC2} = {2290A6FE-924E-4111-95FE-2CD3E86258BB}
		{09360C14-E5E1-473C-AEFD-5D191C7AD57F} = {3B9896EE-07F0-426C-9536-BE618FA64B5C}
		{E82E29BC-7FC0-4D5B-8BCB-416C1F25D94E} = {09360C14-E5E1-473C-AEFD-5D191C7AD57F}
		{FC41C996-84D1-4895-B4BA-DDF050A82156} = {09360C14-E5E1-473C-AEFD-5D191C7AD57F}
		{80AD26FC-1968-4D03-BE40-06A1DC3BCC09} = {8CE0BD62-C6B8-46F9-9484-30FC979200D2}
		{0E8506E1-FB2E-434A-82D4-E9984C019D7F} = {09360C14-E5E1-473C-AEFD-5D191C7AD57F}
		{B571EA49-DCF3-4CB8-AB0D-444085CE59C7} = {354AC398-5321-4A9A-BA4F-627A6A77D1E7}
		{8DA3E0A1-5E78-4BB3-868E-3D4FBDAF5200} = {FF9635F2-A18E-4CAE-8C3C-5EA76116EBD1}
		{C1504666-6A4A-4071-8922-9F5781C74634} = {F70A62DD-96C2-405F-9476-3AF3A3E1B4F7}
		{B244B22D-44DE-4A15-91C2-2A788B30520F} = {2290A6FE-924E-4111-95FE-2CD3E86258BB}
	EndGlobalSection
	GlobalSection(ExtensibilityGlobals) = postSolution
		SolutionGuid = {3B00DBBE-0E1E-4900-BC46-DD79A925A9A0}
		{1F768858-8F4D-4C5C-8F1D-5260F1B455C3} = {F70A62DD-96C2-405F-9476-3AF3A3E1B4F7}
	EndGlobalSection
EndGlobal
